<Solution>
  <Project Path="QuantityMeasurementApp.App/QuantityMeasurementApp.App.csproj" />
  <Project Path="QuantityMeasurementApp.Controller/QuantityMeasurementApp.Controller.csproj" />
  <Project Path="QuantityMeasurementApp.Entity/QuantityMeasurementApp.Entity.csproj" />
  <Project Path="QuantityMeasurementApp.Repository/QuantityMeasurementApp.Repository.csproj" />
  <Project Path="QuantityMeasurementApp.Service/QuantityMeasurementApp.Service.csproj" />
  <Project Path="QuantityMeasurementApp.Tests/QuantityMeasurementApp.Tests.csproj" />
</Solution>
